{
  "name": "builders",
  "lockfileVersion": 3,
  "requires": true,
  "packages": {
    "": {
      "license": "UNLICENSED",
      "dependencies": {
        "@vercel/build-utils": "^11.0.0",
        "vercel-php": "^0.7.4"
      }
    },
    "node_modules/@libphp/amazon-linux-2-v83": {
      "version": "0.0.14",
      "resolved": "https://registry.npmjs.org/@libphp/amazon-linux-2-v83/-/amazon-linux-2-v83-0.0.14.tgz",
      "integrity": "sha512-afJiV0LATlekq/Lzc11qjVrE3tB26kLwD3DkZ2jnmSSgpQsCaDzIwAMeNxkP7zd75PBsg8NyHYb5/tSawG159w==",
      "license": "MIT"
    },
    "node_modules/@vercel/build-utils": {
      "version": "11.0.0",
      "resolved": "https://registry.npmjs.org/@vercel/build-utils/-/build-utils-11.0.0.tgz",
      "integrity": "sha512-jeBQHHOVqTgIMynVLtGUhf+Qf2Q0K1C/luZP7wuUM9veTeTMUSjju6HtpuJE5yuxre0rIogKRbKjvRXrAsbOIg==",
      "license": "Apache-2.0"
    },
    "node_modules/vercel-php": {
      "version": "0.7.4",
      "resolved": "https://registry.npmjs.org/vercel-php/-/vercel-php-0.7.4.tgz",
      "integrity": "sha512-y4kDHntt0veTg7PN3+7mfd+V+PyplrCbZ2DPWmXaHmgaFm8vWIJaSToVdCvK7um5ainFiaVVATpJ25nDPvGfNg==",
      "license": "MIT",
      "dependencies": {
        "@libphp/amazon-linux-2-v83": ">=0.0.11"
      }
    }
  }
}
